
Microsoft Visual Studio Solution File, Format Version 12.00
# Visual Studio Version 17
VisualStudioVersion = 17.3.32929.385
MinimumVisualStudioVersion = 10.0.40219.1
Project("{FAE04EC0-301F-11D3-BF4B-00C04F79EFBC}") = "BatalhaNavalSimples", "BatalhaNavalSimples\BatalhaNavalSimples.csproj", "{DC61F59D-2EF0-4FDC-88EF-8CDF39304CAF}"
EndProject
Global
	GlobalSection(SolutionConfigurationPlatforms) = preSolution
		Debug|Any CPU = Debug|Any CPU
		Release|Any CPU = Release|Any CPU
	EndGlobalSection
	GlobalSection(ProjectConfigurationPlatforms) = postSolution
		{DC61F59D-2EF0-4FDC-88EF-8CDF39304CAF}.Debug|Any CPU.ActiveCfg = Debug|Any CPU
		{DC61F59D-2EF0-4FDC-88EF-8CDF39304CAF}.Debug|Any CPU.Build.0 = Debug|Any CPU
		{DC61F59D-2EF0-4FDC-88EF-8CDF39304CAF}.Release|Any CPU.ActiveCfg = Release|Any CPU
		{DC61F59D-2EF0-4FDC-88EF-8CDF39304CAF}.Release|Any CPU.Build.0 = Release|Any CPU
	EndGlobalSection
	GlobalSection(SolutionProperties) = preSolution
		HideSolutionNode = FALSE
	EndGlobalSection
	GlobalSection(ExtensibilityGlobals) = postSolution
		SolutionGuid = {F484E958-1C37-42FC-92EC-BE981133AA8B}
	EndGlobalSection
EndGlobal
